
Microsoft Visual Studio Solution File, Format Version 12.00
# Visual Studio Version 17
VisualStudioVersion = 17.1.32228.430
MinimumVisualStudioVersion = 10.0.40219.1
Project("{FAE04EC0-301F-11D3-BF4B-00C04F79EFBC}") = "projektS22680.Server", "Server\projektS22680.Server.csproj", "{8EA874A3-F431-4891-8435-F10C84F0D8CB}"
EndProject
Project("{FAE04EC0-301F-11D3-BF4B-00C04F79EFBC}") = "projektS22680.Client", "Client\projektS22680.Client.csproj", "{8E583DE9-8FFA-40C8-A9DC-0797D78BDEB5}"
EndProject
Project("{FAE04EC0-301F-11D3-BF4B-00C04F79EFBC}") = "projektS22680.Shared", "Shared\projektS22680.Shared.csproj", "{77EDA80F-C129-4163-852E-F3F421FB91D9}"
EndProject
Global
	GlobalSection(SolutionConfigurationPlatforms) = preSolution
		Debug|Any CPU = Debug|Any CPU
		Release|Any CPU = Release|Any CPU
	EndGlobalSection
	GlobalSection(ProjectConfigurationPlatforms) = postSolution
		{8EA874A3-F431-4891-8435-F10C84F0D8CB}.Debug|Any CPU.ActiveCfg = Debug|Any CPU
		{8EA874A3-F431-4891-8435-F10C84F0D8CB}.Debug|Any CPU.Build.0 = Debug|Any CPU
		{8EA874A3-F431-4891-8435-F10C84F0D8CB}.Release|Any CPU.ActiveCfg = Release|Any CPU
		{8EA874A3-F431-4891-8435-F10C84F0D8CB}.Release|Any CPU.Build.0 = Release|Any CPU
		{8E583DE9-8FFA-40C8-A9DC-0797D78BDEB5}.Debug|Any CPU.ActiveCfg = Debug|Any CPU
		{8E583DE9-8FFA-40C8-A9DC-0797D78BDEB5}.Debug|Any CPU.Build.0 = Debug|Any CPU
		{8E583DE9-8FFA-40C8-A9DC-0797D78BDEB5}.Release|Any CPU.ActiveCfg = Release|Any CPU
		{8E583DE9-8FFA-40C8-A9DC-0797D78BDEB5}.Release|Any CPU.Build.0 = Release|Any CPU
		{77EDA80F-C129-4163-852E-F3F421FB91D9}.Debug|Any CPU.ActiveCfg = Debug|Any CPU
		{77EDA80F-C129-4163-852E-F3F421FB91D9}.Debug|Any CPU.Build.0 = Debug|Any CPU
		{77EDA80F-C129-4163-852E-F3F421FB91D9}.Release|Any CPU.ActiveCfg = Release|Any CPU
		{77EDA80F-C129-4163-852E-F3F421FB91D9}.Release|Any CPU.Build.0 = Release|Any CPU
	EndGlobalSection
	GlobalSection(SolutionProperties) = preSolution
		HideSolutionNode = FALSE
	EndGlobalSection
	GlobalSection(ExtensibilityGlobals) = postSolution
		SolutionGuid = {FB97DEB6-DEA7-4D4A-BF0F-7A66B231295A}
	EndGlobalSection
EndGlobal
